
Microsoft Visual Studio Solution File, Format Version 12.00
# Visual Studio Version 16
VisualStudioVersion = 16.0.29905.134
MinimumVisualStudioVersion = 10.0.40219.1
Project("{FAE04EC0-301F-11D3-BF4B-00C04F79EFBC}") = "DeckOfCardGame", "DeckOfCardGame.csproj", "{B1C342F2-A9CD-4D85-94BE-5CCAD5D5830D}"
EndProject
Global
	GlobalSection(SolutionConfigurationPlatforms) = preSolution
		Debug|Any CPU = Debug|Any CPU
		Release|Any CPU = Release|Any CPU
	EndGlobalSection
	GlobalSection(ProjectConfigurationPlatforms) = postSolution
		{B1C342F2-A9CD-4D85-94BE-5CCAD5D5830D}.Debug|Any CPU.ActiveCfg = Debug|Any CPU
		{B1C342F2-A9CD-4D85-94BE-5CCAD5D5830D}.Debug|Any CPU.Build.0 = Debug|Any CPU
		{B1C342F2-A9CD-4D85-94BE-5CCAD5D5830D}.Release|Any CPU.ActiveCfg = Release|Any CPU
		{B1C342F2-A9CD-4D85-94BE-5CCAD5D5830D}.Release|Any CPU.Build.0 = Release|Any CPU
	EndGlobalSection
	GlobalSection(SolutionProperties) = preSolution
		HideSolutionNode = FALSE
	EndGlobalSection
	GlobalSection(ExtensibilityGlobals) = postSolution
		SolutionGuid = {8A8E5852-48EB-4BC2-8F19-E4C957B8DCF8}
	EndGlobalSection
EndGlobal
